
Microsoft Visual Studio Solution File, Format Version 12.00
# Visual Studio Version 17
VisualStudioVersion = 17.0.31903.59
MinimumVisualStudioVersion = 10.0.40219.1
Project("{2150E333-8FDC-42A3-9474-1A3956D46DE8}") = "src", "src", "{AAC9E150-695D-46D5-95E6-718351E71331}"
EndProject
Project("{FAE04EC0-301F-11D3-BF4B-00C04F79EFBC}") = "AiFirstDemo.Api", "src\AiFirstDemo.Api\AiFirstDemo.Api.csproj", "{6C2C7668-9B23-41F6-8758-F35F04C39B84}"
EndProject
Project("{FAE04EC0-301F-11D3-BF4B-00C04F79EFBC}") = "AiFirstDemo.Features", "src\AiFirstDemo.Features\AiFirstDemo.Features.csproj", "{D8BD0A4C-F11C-45F9-83F0-CBFF332AE173}"
EndProject
Project("{FAE04EC0-301F-11D3-BF4B-00C04F79EFBC}") = "AiFirstDemo.Infrastructure", "src\AiFirstDemo.Infrastructure\AiFirstDemo.Infrastructure.csproj", "{8D5EF1F5-2894-479B-AB09-406686E348F0}"
EndProject
Global
	GlobalSection(SolutionConfigurationPlatforms) = preSolution
		Debug|Any CPU = Debug|Any CPU
		Release|Any CPU = Release|Any CPU
	EndGlobalSection
	GlobalSection(SolutionProperties) = preSolution
		HideSolutionNode = FALSE
	EndGlobalSection
	GlobalSection(ProjectConfigurationPlatforms) = postSolution
		{6C2C7668-9B23-41F6-8758-F35F04C39B84}.Debug|Any CPU.ActiveCfg = Debug|Any CPU
		{6C2C7668-9B23-41F6-8758-F35F04C39B84}.Debug|Any CPU.Build.0 = Debug|Any CPU
		{6C2C7668-9B23-41F6-8758-F35F04C39B84}.Release|Any CPU.ActiveCfg = Release|Any CPU
		{6C2C7668-9B23-41F6-8758-F35F04C39B84}.Release|Any CPU.Build.0 = Release|Any CPU
		{D8BD0A4C-F11C-45F9-83F0-CBFF332AE173}.Debug|Any CPU.ActiveCfg = Debug|Any CPU
		{D8BD0A4C-F11C-45F9-83F0-CBFF332AE173}.Debug|Any CPU.Build.0 = Debug|Any CPU
		{D8BD0A4C-F11C-45F9-83F0-CBFF332AE173}.Release|Any CPU.ActiveCfg = Release|Any CPU
		{D8BD0A4C-F11C-45F9-83F0-CBFF332AE173}.Release|Any CPU.Build.0 = Release|Any CPU
		{8D5EF1F5-2894-479B-AB09-406686E348F0}.Debug|Any CPU.ActiveCfg = Debug|Any CPU
		{8D5EF1F5-2894-479B-AB09-406686E348F0}.Debug|Any CPU.Build.0 = Debug|Any CPU
		{8D5EF1F5-2894-479B-AB09-406686E348F0}.Release|Any CPU.ActiveCfg = Release|Any CPU
		{8D5EF1F5-2894-479B-AB09-406686E348F0}.Release|Any CPU.Build.0 = Release|Any CPU
	EndGlobalSection
	GlobalSection(NestedProjects) = preSolution
		{6C2C7668-9B23-41F6-8758-F35F04C39B84} = {AAC9E150-695D-46D5-95E6-718351E71331}
		{D8BD0A4C-F11C-45F9-83F0-CBFF332AE173} = {AAC9E150-695D-46D5-95E6-718351E71331}
		{8D5EF1F5-2894-479B-AB09-406686E348F0} = {AAC9E150-695D-46D5-95E6-718351E71331}
	EndGlobalSection
EndGlobal
